
Microsoft Visual Studio Solution File, Format Version 12.00
# Visual Studio 14
VisualStudioVersion = 14.0.23107.0
MinimumVisualStudioVersion = 10.0.40219.1
Project("{00D1A9C2-B5F0-4AF3-8072-F6C62B433612}") = "VesselTraffic.Database", "VesselTraffic.Database\VesselTraffic.Database.sqlproj", "{3672366F-A1F2-47F8-AB46-7F2B2B649035}"
EndProject
Project("{159641D6-6404-4A2A-AE62-294DE0FE8301}") = "VesselTraffic.ETL", "VesselTraffic.ETL\VesselTraffic.ETL.dtproj", "{A5B063EC-6C7D-46F6-B182-C66D935AE233}"
EndProject
Project("{6870E480-7721-4708-BFB8-9AE898AA21B3}") = "VesselTraffic.OLAP", "VesselTraffic.OLAP\VesselTraffic.OLAP.smproj", "{8CE414BB-95B2-4C99-9E03-51BA72086E22}"
EndProject
Global
	GlobalSection(SolutionConfigurationPlatforms) = preSolution
		Debug|Any CPU = Debug|Any CPU
		Debug|x86 = Debug|x86
		Development|Any CPU = Development|Any CPU
		Development|x86 = Development|x86
		Release|Any CPU = Release|Any CPU
		Release|x86 = Release|x86
	EndGlobalSection
	GlobalSection(ProjectConfigurationPlatforms) = postSolution
		{3672366F-A1F2-47F8-AB46-7F2B2B649035}.Debug|Any CPU.ActiveCfg = Debug|Any CPU
		{3672366F-A1F2-47F8-AB46-7F2B2B649035}.Debug|Any CPU.Build.0 = Debug|Any CPU
		{3672366F-A1F2-47F8-AB46-7F2B2B649035}.Debug|Any CPU.Deploy.0 = Debug|Any CPU
		{3672366F-A1F2-47F8-AB46-7F2B2B649035}.Debug|x86.ActiveCfg = Debug|Any CPU
		{3672366F-A1F2-47F8-AB46-7F2B2B649035}.Debug|x86.Build.0 = Debug|Any CPU
		{3672366F-A1F2-47F8-AB46-7F2B2B649035}.Debug|x86.Deploy.0 = Debug|Any CPU
		{3672366F-A1F2-47F8-AB46-7F2B2B649035}.Development|Any CPU.ActiveCfg = Debug|Any CPU
		{3672366F-A1F2-47F8-AB46-7F2B2B649035}.Development|Any CPU.Build.0 = Debug|Any CPU
		{3672366F-A1F2-47F8-AB46-7F2B2B649035}.Development|Any CPU.Deploy.0 = Debug|Any CPU
		{3672366F-A1F2-47F8-AB46-7F2B2B649035}.Development|x86.ActiveCfg = Debug|Any CPU
		{3672366F-A1F2-47F8-AB46-7F2B2B649035}.Development|x86.Build.0 = Debug|Any CPU
		{3672366F-A1F2-47F8-AB46-7F2B2B649035}.Development|x86.Deploy.0 = Debug|Any CPU
		{3672366F-A1F2-47F8-AB46-7F2B2B649035}.Release|Any CPU.ActiveCfg = Release|Any CPU
		{3672366F-A1F2-47F8-AB46-7F2B2B649035}.Release|Any CPU.Build.0 = Release|Any CPU
		{3672366F-A1F2-47F8-AB46-7F2B2B649035}.Release|Any CPU.Deploy.0 = Release|Any CPU
		{3672366F-A1F2-47F8-AB46-7F2B2B649035}.Release|x86.ActiveCfg = Release|Any CPU
		{3672366F-A1F2-47F8-AB46-7F2B2B649035}.Release|x86.Build.0 = Release|Any CPU
		{3672366F-A1F2-47F8-AB46-7F2B2B649035}.Release|x86.Deploy.0 = Release|Any CPU
		{A5B063EC-6C7D-46F6-B182-C66D935AE233}.Debug|Any CPU.ActiveCfg = Development
		{A5B063EC-6C7D-46F6-B182-C66D935AE233}.Debug|Any CPU.Build.0 = Development
		{A5B063EC-6C7D-46F6-B182-C66D935AE233}.Debug|x86.ActiveCfg = Development
		{A5B063EC-6C7D-46F6-B182-C66D935AE233}.Debug|x86.Build.0 = Development
		{A5B063EC-6C7D-46F6-B182-C66D935AE233}.Development|Any CPU.ActiveCfg = Development
		{A5B063EC-6C7D-46F6-B182-C66D935AE233}.Development|Any CPU.Build.0 = Development
		{A5B063EC-6C7D-46F6-B182-C66D935AE233}.Development|x86.ActiveCfg = Development
		{A5B063EC-6C7D-46F6-B182-C66D935AE233}.Development|x86.Build.0 = Development
		{A5B063EC-6C7D-46F6-B182-C66D935AE233}.Release|Any CPU.ActiveCfg = Development
		{A5B063EC-6C7D-46F6-B182-C66D935AE233}.Release|Any CPU.Build.0 = Development
		{A5B063EC-6C7D-46F6-B182-C66D935AE233}.Release|x86.ActiveCfg = Development
		{A5B063EC-6C7D-46F6-B182-C66D935AE233}.Release|x86.Build.0 = Development
		{8CE414BB-95B2-4C99-9E03-51BA72086E22}.Debug|Any CPU.ActiveCfg = Development|x86
		{8CE414BB-95B2-4C99-9E03-51BA72086E22}.Debug|Any CPU.Build.0 = Development|x86
		{8CE414BB-95B2-4C99-9E03-51BA72086E22}.Debug|Any CPU.Deploy.0 = Development|x86
		{8CE414BB-95B2-4C99-9E03-51BA72086E22}.Debug|x86.ActiveCfg = Development|x86
		{8CE414BB-95B2-4C99-9E03-51BA72086E22}.Debug|x86.Build.0 = Development|x86
		{8CE414BB-95B2-4C99-9E03-51BA72086E22}.Debug|x86.Deploy.0 = Development|x86
		{8CE414BB-95B2-4C99-9E03-51BA72086E22}.Development|Any CPU.ActiveCfg = Development|x86
		{8CE414BB-95B2-4C99-9E03-51BA72086E22}.Development|x86.ActiveCfg = Development|x86
		{8CE414BB-95B2-4C99-9E03-51BA72086E22}.Development|x86.Build.0 = Development|x86
		{8CE414BB-95B2-4C99-9E03-51BA72086E22}.Development|x86.Deploy.0 = Development|x86
		{8CE414BB-95B2-4C99-9E03-51BA72086E22}.Release|Any CPU.ActiveCfg = Development|x86
		{8CE414BB-95B2-4C99-9E03-51BA72086E22}.Release|Any CPU.Build.0 = Development|x86
		{8CE414BB-95B2-4C99-9E03-51BA72086E22}.Release|Any CPU.Deploy.0 = Development|x86
		{8CE414BB-95B2-4C99-9E03-51BA72086E22}.Release|x86.ActiveCfg = Development|x86
		{8CE414BB-95B2-4C99-9E03-51BA72086E22}.Release|x86.Build.0 = Development|x86
		{8CE414BB-95B2-4C99-9E03-51BA72086E22}.Release|x86.Deploy.0 = Development|x86
	EndGlobalSection
	GlobalSection(SolutionProperties) = preSolution
		HideSolutionNode = FALSE
	EndGlobalSection
EndGlobal
